<?xml version="1.0" encoding="utf-8"?>
<Project ToolsVersion="4.0" xmlns="http://schemas.microsoft.com/developer/msbuild/2003">
  <ItemGroup>
    <Filter Include="Source Files">
      <UniqueIdentifier>{4FC737F1-C7A5-4376-A066-2A32D752A2FF}</UniqueIdentifier>
      <Extensions>cpp;c;cc;cxx;c++;cppm;ixx;def;odl;idl;hpj;bat;asm;asmx</Extensions>
    </Filter>
    <Filter Include="Header Files">
      <UniqueIdentifier>{93995380-89BD-4b04-88EB-625FBE52EBFB}</UniqueIdentifier>
      <Extensions>h;hh;hpp;hxx;h++;hm;inl;inc;ipp;xsd</Extensions>
    </Filter>
    <Filter Include="Resource Files">
      <UniqueIdentifier>{67DA6AB6-F800-4c08-8B7A-83BB121AAD01}</UniqueIdentifier>
      <Extensions>rc;ico;cur;bmp;dlg;rc2;rct;bin;rgs;gif;jpg;jpeg;jpe;resx;tiff;tif;png;wav;mfcribbon-ms</Extensions>
    </Filter>
    <Filter Include="Shaders">
      <UniqueIdentifier>{02b5afd1-26f6-4710-b5b1-8dd2ffaa3f4c}</UniqueIdentifier>
    </Filter>
    <Filter Include="Source Files\imgui">
      <UniqueIdentifier>{690b6758-5fe2-49e3-b5ef-c5cfe5cc6b06}</UniqueIdentifier>
    </Filter>
    <Filter Include="Header Files\imgui">
      <UniqueIdentifier>{098e850f-008e-414d-8d12-ba2b71d26b7c}</UniqueIdentifier>
    </Filter>
    <Filter Include="Source Files\Managers">
      <UniqueIdentifier>{bd2ecb58-4940-47b3-b526-66abe4ffc94d}</UniqueIdentifier>
    </Filter>
    <Filter Include="Header Files\Managers">
      <UniqueIdentifier>{2c81d339-efb9-4f40-8191-ca1a823decaf}</UniqueIdentifier>
    </Filter>
    <Filter Include="Source Files\Entity">
      <UniqueIdentifier>{7c8a0b36-ea13-4b3a-b306-c9b1b6348a27}</UniqueIdentifier>
    </Filter>
    <Filter Include="Header Files\Entety">
      <UniqueIdentifier>{07cc13aa-ee5d-4b4c-85af-037a9a7ac078}</UniqueIdentifier>
    </Filter>
    <Filter Include="Header Files\UI">
      <UniqueIdentifier>{484aeacc-c032-4607-bd1f-fbd5e7cf7bca}</UniqueIdentifier>
    </Filter>
  </ItemGroup>
  <ItemGroup>
    <ClCompile Include="main.cpp">
      <Filter>Source Files</Filter>
    </ClCompile>
    <ClCompile Include="..\Dependencies\imgui\imgui_demo.cpp">
      <Filter>Source Files\imgui</Filter>
    </ClCompile>
    <ClCompile Include="..\Dependencies\imgui\imgui_draw.cpp">
      <Filter>Source Files\imgui</Filter>
    </ClCompile>
    <ClCompile Include="..\Dependencies\imgui\imgui_impl_glfw.cpp">
      <Filter>Source Files\imgui</Filter>
    </ClCompile>
    <ClCompile Include="..\Dependencies\imgui\imgui_impl_opengl3.cpp">
      <Filter>Source Files\imgui</Filter>
    </ClCompile>
    <ClCompile Include="..\Dependencies\imgui\imgui_tables.cpp">
      <Filter>Source Files\imgui</Filter>
    </ClCompile>
    <ClCompile Include="..\Dependencies\imgui\imgui_widgets.cpp">
      <Filter>Source Files\imgui</Filter>
    </ClCompile>
    <ClCompile Include="..\Dependencies\imgui\imgui.cpp">
      <Filter>Source Files\imgui</Filter>
    </ClCompile>
    <ClCompile Include="core\Engine.cpp">
      <Filter>Source Files</Filter>
    </ClCompile>
    <ClCompile Include="core\Logger.cpp">
      <Filter>Source Files</Filter>
    </ClCompile>
    <ClCompile Include="core\Memory.cpp">
      <Filter>Source Files</Filter>
    </ClCompile>
    <ClCompile Include="core\Time.cpp">
      <Filter>Source Files</Filter>
    </ClCompile>
    <ClCompile Include="graphics\Buffer.cpp">
      <Filter>Source Files</Filter>
    </ClCompile>
    <ClCompile Include="graphics\Frustum.cpp">
      <Filter>Source Files</Filter>
    </ClCompile>
    <ClCompile Include="graphics\GLDebug.cpp">
      <Filter>Source Files</Filter>
    </ClCompile>
    <ClCompile Include="graphics\Material.cpp">
      <Filter>Source Files</Filter>
    </ClCompile>
    <ClCompile Include="graphics\Mesh.cpp">
      <Filter>Source Files</Filter>
    </ClCompile>
    <ClCompile Include="graphics\passes\ForwardPass.cpp">
      <Filter>Source Files</Filter>
    </ClCompile>
    <ClCompile Include="graphics\passes\GBufferPass.cpp">
      <Filter>Source Files</Filter>
    </ClCompile>
    <ClCompile Include="graphics\passes\LightingPass.cpp">
      <Filter>Source Files</Filter>
    </ClCompile>
    <ClCompile Include="graphics\passes\ShadowPass.cpp">
      <Filter>Source Files</Filter>
    </ClCompile>
    <ClCompile Include="graphics\RenderCommand.cpp">
      <Filter>Source Files</Filter>
    </ClCompile>
    <ClCompile Include="graphics\Renderer.cpp">
      <Filter>Source Files</Filter>
    </ClCompile>
    <ClCompile Include="graphics\RenderPipeline.cpp">
      <Filter>Source Files</Filter>
    </ClCompile>
    <ClCompile Include="graphics\Shader.cpp">
      <Filter>Source Files</Filter>
    </ClCompile>
    <ClCompile Include="graphics\Texture.cpp">
      <Filter>Source Files</Filter>
    </ClCompile>
    <ClCompile Include="messaging\Message.cpp">
      <Filter>Source Files</Filter>
    </ClCompile>
    <ClCompile Include="messaging\MessageQueue.cpp">
      <Filter>Source Files</Filter>
    </ClCompile>
    <ClCompile Include="platform\Input.cpp">
      <Filter>Source Files</Filter>
    </ClCompile>
    <ClCompile Include="platform\Window.cpp">
      <Filter>Source Files</Filter>
    </ClCompile>
    <ClCompile Include="resources\Entity.cpp">
      <Filter>Source Files</Filter>
    </ClCompile>
    <ClCompile Include="resources\EntityManager.cpp">
      <Filter>Source Files</Filter>
    </ClCompile>
    <ClCompile Include="resources\Scene.cpp">
      <Filter>Source Files</Filter>
    </ClCompile>
    <ClCompile Include="ui\ImGuiLayer.cpp">
      <Filter>Source Files</Filter>
    </ClCompile>
    <ClCompile Include="ui\Inspectors\CameraInspector.cpp">
      <Filter>Source Files</Filter>
    </ClCompile>
    <ClCompile Include="ui\Inspectors\EntityInspector.cpp">
      <Filter>Source Files</Filter>
    </ClCompile>
    <ClCompile Include="glad.c">
      <Filter>Source Files</Filter>
    </ClCompile>
    <ClCompile Include="resources\Camera.cpp">
      <Filter>Source Files</Filter>
    </ClCompile>
    <ClCompile Include="core\UIManager.cpp">
      <Filter>Source Files</Filter>
    </ClCompile>
  </ItemGroup>
  <ItemGroup>
    <ClInclude Include="..\Dependencies\imgui\imgui.h">
      <Filter>Header Files\imgui</Filter>
    </ClInclude>
    <ClInclude Include="..\Dependencies\imgui\imgui_impl_glfw.h">
      <Filter>Header Files\imgui</Filter>
    </ClInclude>
    <ClInclude Include="..\Dependencies\imgui\imgui_impl_opengl3.h">
      <Filter>Header Files\imgui</Filter>
    </ClInclude>
    <ClInclude Include="..\Dependencies\imgui\imgui_internal.h">
      <Filter>Header Files\imgui</Filter>
    </ClInclude>
    <ClInclude Include="..\Dependencies\imgui\imstb_rectpack.h">
      <Filter>Header Files\imgui</Filter>
    </ClInclude>
    <ClInclude Include="..\Dependencies\imgui\imstb_textedit.h">
      <Filter>Header Files\imgui</Filter>
    </ClInclude>
    <ClInclude Include="..\Dependencies\imgui\imstb_truetype.h">
      <Filter>Header Files\imgui</Filter>
    </ClInclude>
    <ClInclude Include="..\Dependencies\imgui\imconfig.h">
      <Filter>Header Files\imgui</Filter>
    </ClInclude>
    <ClInclude Include="..\Dependencies\imgui\imgui_impl_opengl3_loader.h">
      <Filter>Header Files\imgui</Filter>
    </ClInclude>
    <ClInclude Include="core\Engine.h">
      <Filter>Header Files</Filter>
    </ClInclude>
    <ClInclude Include="core\Logger.h">
      <Filter>Header Files</Filter>
    </ClInclude>
    <ClInclude Include="core\Memory.h">
      <Filter>Header Files</Filter>
    </ClInclude>
    <ClInclude Include="core\Time.h">
      <Filter>Header Files</Filter>
    </ClInclude>
    <ClInclude Include="graphics\Buffer.h">
      <Filter>Header Files</Filter>
    </ClInclude>
    <ClInclude Include="graphics\Frustum.h">
      <Filter>Header Files</Filter>
    </ClInclude>
    <ClInclude Include="graphics\GLDebug.h">
      <Filter>Header Files</Filter>
    </ClInclude>
    <ClInclude Include="graphics\Material.h">
      <Filter>Header Files</Filter>
    </ClInclude>
    <ClInclude Include="graphics\passes\ForwardPass.h">
      <Filter>Header Files</Filter>
    </ClInclude>
    <ClInclude Include="graphics\passes\GBufferPass.h">
      <Filter>Header Files</Filter>
    </ClInclude>
    <ClInclude Include="graphics\passes\LightingPass.h">
      <Filter>Header Files</Filter>
    </ClInclude>
    <ClInclude Include="graphics\passes\RenderPass.h">
      <Filter>Header Files</Filter>
    </ClInclude>
    <ClInclude Include="graphics\passes\ShadowPass.h">
      <Filter>Header Files</Filter>
    </ClInclude>
    <ClInclude Include="graphics\RenderCommand.h">
      <Filter>Header Files</Filter>
    </ClInclude>
    <ClInclude Include="graphics\RenderItem.h">
      <Filter>Header Files</Filter>
    </ClInclude>
    <ClInclude Include="graphics\RenderPipeline.h">
      <Filter>Header Files</Filter>
    </ClInclude>
    <ClInclude Include="graphics\Shader.h">
      <Filter>Header Files</Filter>
    </ClInclude>
    <ClInclude Include="graphics\Texture.h">
      <Filter>Header Files</Filter>
    </ClInclude>
    <ClInclude Include="messaging\Message.h">
      <Filter>Header Files</Filter>
    </ClInclude>
    <ClInclude Include="messaging\MessageQueue.h">
      <Filter>Header Files</Filter>
    </ClInclude>
    <ClInclude Include="platform\Input.h">
      <Filter>Header Files</Filter>
    </ClInclude>
    <ClInclude Include="platform\Window.h">
      <Filter>Header Files</Filter>
    </ClInclude>
    <ClInclude Include="resources\Scene.h">
      <Filter>Header Files</Filter>
    </ClInclude>
    <ClInclude Include="resources\Transform.h">
      <Filter>Header Files</Filter>
    </ClInclude>
    <ClInclude Include="ui\ImGuiLayer.h">
      <Filter>Header Files</Filter>
    </ClInclude>
    <ClInclude Include="ui\Inspectors\EntityInspector.h">
      <Filter>Header Files</Filter>
    </ClInclude>
    <ClInclude Include="resources\Math\Vec3.h">
      <Filter>Header Files</Filter>
    </ClInclude>
    <ClInclude Include="resources\Math\Vec4.h">
      <Filter>Header Files</Filter>
    </ClInclude>
    <ClInclude Include="resources\Camera.h">
      <Filter>Header Files</Filter>
    </ClInclude>
    <ClInclude Include="core\UIManager.h">
      <Filter>Header Files\Managers</Filter>
    </ClInclude>
    <ClInclude Include="resources\EntityManager.h">
      <Filter>Header Files\Managers</Filter>
    </ClInclude>
    <ClInclude Include="resources\Entity.h">
      <Filter>Header Files\Entety</Filter>
    </ClInclude>
    <ClInclude Include="graphics\Mesh.h">
      <Filter>Header Files\Entety</Filter>
    </ClInclude>
    <ClInclude Include="graphics\Renderer.h">
      <Filter>Header Files\Entety</Filter>
    </ClInclude>
    <ClInclude Include="ui\Inspectors\CameraInspector.h">
      <Filter>Header Files\UI</Filter>
    </ClInclude>
  </ItemGroup>
</Project>